
Microsoft Visual Studio Solution File, Format Version 12.00
# Visual Studio 14
VisualStudioVersion = 14.0.22310.1
MinimumVisualStudioVersion = 10.0.40219.1
Project("{2150E333-8FDC-42A3-9474-1A3956D46DE8}") = "Engine", "Engine", "{9CE1F05C-A655-401B-AF35-54CBDA194816}"
EndProject
Project("{2150E333-8FDC-42A3-9474-1A3956D46DE8}") = "Games", "Games", "{96615976-5DAB-4367-9FC3-9CF73FB3F58B}"
EndProject
Project("{8BC9CEB8-8B4A-11D0-8D11-00A0C91BC942}") = "UE4", "Intermediate\ProjectFiles\UE4.vcxproj", "{9F0ADE17-7E7C-401B-942C-417EA912C792}"
EndProject
Project("{8BC9CEB8-8B4A-11D0-8D11-00A0C91BC942}") = "BuildingEscape", "Intermediate\ProjectFiles\BuildingEscape.vcxproj", "{0102AEE7-EA59-4AE3-A716-37F16514EAF1}"
EndProject
Global
	GlobalSection(SolutionConfigurationPlatforms) = preSolution
		DebugGame Editor|HTML5 = DebugGame Editor|HTML5
		DebugGame Editor|Win32 = DebugGame Editor|Win32
		DebugGame Editor|Win64 = DebugGame Editor|Win64
		DebugGame|HTML5 = DebugGame|HTML5
		DebugGame|Win32 = DebugGame|Win32
		DebugGame|Win64 = DebugGame|Win64
		Development Editor|HTML5 = Development Editor|HTML5
		Development Editor|Win32 = Development Editor|Win32
		Development Editor|Win64 = Development Editor|Win64
		Development|HTML5 = Development|HTML5
		Development|Win32 = Development|Win32
		Development|Win64 = Development|Win64
		Shipping|HTML5 = Shipping|HTML5
		Shipping|Win32 = Shipping|Win32
		Shipping|Win64 = Shipping|Win64
	EndGlobalSection
	GlobalSection(ProjectConfigurationPlatforms) = postSolution
		{0102AEE7-EA59-4AE3-A716-37F16514EAF1}.DebugGame Editor|HTML5.ActiveCfg = HTML5_DebugGame_Editor|Win32
		{0102AEE7-EA59-4AE3-A716-37F16514EAF1}.DebugGame Editor|Win32.ActiveCfg = DebugGame_Editor|Win32
		{0102AEE7-EA59-4AE3-A716-37F16514EAF1}.DebugGame Editor|Win64.ActiveCfg = DebugGame_Editor|x64
		{0102AEE7-EA59-4AE3-A716-37F16514EAF1}.DebugGame Editor|Win64.Build.0 = DebugGame_Editor|x64
		{0102AEE7-EA59-4AE3-A716-37F16514EAF1}.DebugGame|HTML5.ActiveCfg = HTML5_DebugGame_Game|Win32
		{0102AEE7-EA59-4AE3-A716-37F16514EAF1}.DebugGame|HTML5.Build.0 = HTML5_DebugGame_Game|Win32
		{0102AEE7-EA59-4AE3-A716-37F16514EAF1}.DebugGame|Win32.ActiveCfg = DebugGame_Game|Win32
		{0102AEE7-EA59-4AE3-A716-37F16514EAF1}.DebugGame|Win32.Build.0 = DebugGame_Game|Win32
		{0102AEE7-EA59-4AE3-A716-37F16514EAF1}.DebugGame|Win64.ActiveCfg = DebugGame_Game|x64
		{0102AEE7-EA59-4AE3-A716-37F16514EAF1}.DebugGame|Win64.Build.0 = DebugGame_Game|x64
		{0102AEE7-EA59-4AE3-A716-37F16514EAF1}.Development Editor|HTML5.ActiveCfg = HTML5_Development_Editor|Win32
		{0102AEE7-EA59-4AE3-A716-37F16514EAF1}.Development Editor|Win32.ActiveCfg = Development_Editor|Win32
		{0102AEE7-EA59-4AE3-A716-37F16514EAF1}.Development Editor|Win64.ActiveCfg = Development_Editor|x64
		{0102AEE7-EA59-4AE3-A716-37F16514EAF1}.Development Editor|Win64.Build.0 = Development_Editor|x64
		{0102AEE7-EA59-4AE3-A716-37F16514EAF1}.Development|HTML5.ActiveCfg = HTML5_Development_Game|Win32
		{0102AEE7-EA59-4AE3-A716-37F16514EAF1}.Development|HTML5.Build.0 = HTML5_Development_Game|Win32
		{0102AEE7-EA59-4AE3-A716-37F16514EAF1}.Development|Win32.ActiveCfg = Development_Game|Win32
		{0102AEE7-EA59-4AE3-A716-37F16514EAF1}.Development|Win32.Build.0 = Development_Game|Win32
		{0102AEE7-EA59-4AE3-A716-37F16514EAF1}.Development|Win64.ActiveCfg = Development_Game|x64
		{0102AEE7-EA59-4AE3-A716-37F16514EAF1}.Development|Win64.Build.0 = Development_Game|x64
		{0102AEE7-EA59-4AE3-A716-37F16514EAF1}.Shipping|HTML5.ActiveCfg = HTML5_Shipping_Game|Win32
		{0102AEE7-EA59-4AE3-A716-37F16514EAF1}.Shipping|HTML5.Build.0 = HTML5_Shipping_Game|Win32
		{0102AEE7-EA59-4AE3-A716-37F16514EAF1}.Shipping|Win32.ActiveCfg = Shipping_Game|Win32
		{0102AEE7-EA59-4AE3-A716-37F16514EAF1}.Shipping|Win32.Build.0 = Shipping_Game|Win32
		{0102AEE7-EA59-4AE3-A716-37F16514EAF1}.Shipping|Win64.ActiveCfg = Shipping_Game|x64
		{0102AEE7-EA59-4AE3-A716-37F16514EAF1}.Shipping|Win64.Build.0 = Shipping_Game|x64
	EndGlobalSection
	GlobalSection(SolutionProperties) = preSolution
		HideSolutionNode = FALSE
	EndGlobalSection
	GlobalSection(NestedProjects) = preSolution
		{9F0ADE17-7E7C-401B-942C-417EA912C792} = {9CE1F05C-A655-401B-AF35-54CBDA194816}
		{0102AEE7-EA59-4AE3-A716-37F16514EAF1} = {96615976-5DAB-4367-9FC3-9CF73FB3F58B}
	EndGlobalSection
EndGlobal
